version = 1
revision = 3
requires-python = ">=3.12"

[[package]]
name = "annotated-doc"
version = "0.0.4"
source = { registry = "https://pypi.org/simple" }
sdist = { url = "https://files.pythonhosted.org/packages/57/ba/046ceea27344560984e26a590f90bc7f4a75b06701f653222458922b558c/annotated_doc-0.0.4.tar.gz", hash = "sha256:fbcda96e87e9c92ad167c2e53839e57503ecfda18804ea28102353485033faa4", size = 7288, upload-time = "2025-11-10T22:07:42.062Z" }
wheels = [
    { url = "https://files.pythonhosted.org/packages/1e/d3/26bf1008eb3d2daa8ef4cacc7f3bfdc11818d111f7e2d0201bc6e3b49d45/annotated_doc-0.0.4-py3-none-any.whl", hash = "sha256:571ac1dc6991c450b25a9c2d84a3705e2ae7a53467b5d111c24fa8baabbed320", size = 5303, upload-time = "2025-11-10T22:07:40.673Z" },
]

[[package]]
name = "cifter-cli"
version = "0.1.0"
source = { editable = "." }
dependencies = [
    { name = "pcpp" },
    { name = "tree-sitter" },
    { name = "tree-sitter-c" },
    { name = "tree-sitter-cpp" },
    { name = "typer" },
]

[package.dev-dependencies]
dev = [
    { name = "pytest" },
    { name = "ruff" },
    { name = "ty" },
]

[package.metadata]
requires-dist = [
    { name = "pcpp", specifier = ">=1.30" },
    { name = "tree-sitter", specifier = ">=0.25.2" },
    { name = "tree-sitter-c", specifier = ">=0.24.1" },
    { name = "tree-sitter-cpp", specifier = ">=0.23.4" },
    { name = "typer", specifier = ">=0.24.1" },
]

[package.metadata.requires-dev]
dev = [
    { name = "pytest", specifier = ">=9.0.2" },
    { name = "ruff", specifier = ">=0.15.6" },
    { name = "ty", specifier = ">=0.0.23" },
]

[[package]]
name = "click"
version = "8.3.1"
source = { registry = "https://pypi.org/simple" }
dependencies = [
    { name = "colorama", marker = "sys_platform == 'win32'" },
]
sdist = { url = "https://files.pythonhosted.org/packages/3d/fa/656b739db8587d7b5dfa22e22ed02566950fbfbcdc20311993483657a5c0/click-8.3.1.tar.gz", hash = "sha256:12ff4785d337a1bb490bb7e9c2b1ee5da3112e94a8622f26a6c77f5d2fc6842a", size = 295065, upload-time = "2025-11-15T20:45:42.706Z" }
wheels = [
    { url = "https://files.pythonhosted.org/packages/98/78/01c019cdb5d6498122777c1a43056ebb3ebfeef2076d9d026bfe15583b2b/click-8.3.1-py3-none-any.whl", hash = "sha256:981153a64e25f12d547d3426c367a4857371575ee7ad18df2a6183ab0545b2a6", size = 108274, upload-time = "2025-11-15T20:45:41.139Z" },
]

[[package]]
name = "colorama"
version = "0.4.6"
source = { registry = "https://pypi.org/simple" }
sdist = { url = "https://files.pythonhosted.org/packages/d8/53/6f443c9a4a8358a93a6792e2acffb9d9d5cb0a5cfd8802644b7b1c9a02e4/colorama-0.4.6.tar.gz", hash = "sha256:08695f5cb7ed6e0531a20572697297273c47b8cae5a63ffc6d6ed5c201be6e44", size = 27697, upload-time = "2022-10-25T02:36:22.414Z" }
wheels = [
    { url = "https://files.pythonhosted.org/packages/d1/d6/3965ed04c63042e047cb6a3e6ed1a63a35087b6a609aa3a15ed8ac56c221/colorama-0.4.6-py2.py3-none-any.whl", hash = "sha256:4f1d9991f5acc0ca119f9d443620b77f9d6b33703e51011c16baf57afb285fc6", size = 25335, upload-time = "2022-10-25T02:36:20.889Z" },
]

[[package]]
name = "iniconfig"
version = "2.3.0"
source = { registry = "https://pypi.org/simple" }
sdist = { url = "https://files.pythonhosted.org/packages/72/34/14ca021ce8e5dfedc35312d08ba8bf51fdd999c576889fc2c24cb97f4f10/iniconfig-2.3.0.tar.gz", hash = "sha256:c76315c77db068650d49c5b56314774a7804df16fee4402c1f19d6d15d8c4730", size = 20503, upload-time = "2025-10-18T21:55:43.219Z" }
wheels = [
    { url = "https://files.pythonhosted.org/packages/cb/b1/3846dd7f199d53cb17f49cba7e651e9ce294d8497c8c150530ed11865bb8/iniconfig-2.3.0-py3-none-any.whl", hash = "sha256:f631c04d2c48c52b84d0d0549c99ff3859c98df65b3101406327ecc7d53fbf12", size = 7484, upload-time = "2025-10-18T21:55:41.639Z" },
]

[[package]]
name = "markdown-it-py"
version = "4.0.0"
source = { registry = "https://pypi.org/simple" }
dependencies = [
    { name = "mdurl" },
]
sdist = { url = "https://files.pythonhosted.org/packages/5b/f5/4ec618ed16cc4f8fb3b701563655a69816155e79e24a17b651541804721d/markdown_it_py-4.0.0.tar.gz", hash = "sha256:cb0a2b4aa34f932c007117b194e945bd74e0ec24133ceb5bac59009cda1cb9f3", size = 73070, upload-time = "2025-08-11T12:57:52.854Z" }
wheels = [
    { url = "https://files.pythonhosted.org/packages/94/54/e7d793b573f298e1c9013b8c4dade17d481164aa517d1d7148619c2cedbf/markdown_it_py-4.0.0-py3-none-any.whl", hash = "sha256:87327c59b172c5011896038353a81343b6754500a08cd7a4973bb48c6d578147", size = 87321, upload-time = "2025-08-11T12:57:51.923Z" },
]

[[package]]
name = "mdurl"
version = "0.1.2"
source = { registry = "https://pypi.org/simple" }
sdist = { url = "https://files.pythonhosted.org/packages/d6/54/cfe61301667036ec958cb99bd3efefba235e65cdeb9c84d24a8293ba1d90/mdurl-0.1.2.tar.gz", hash = "sha256:bb413d29f5eea38f31dd4754dd7377d4465116fb207585f97bf925588687c1ba", size = 8729, upload-time = "2022-08-14T12:40:10.846Z" }
wheels = [
    { url = "https://files.pythonhosted.org/packages/b3/38/89ba8ad64ae25be8de66a6d463314cf1eb366222074cfda9ee839c56a4b4/mdurl-0.1.2-py3-none-any.whl", hash = "sha256:84008a41e51615a49fc9966191ff91509e3c40b939176e643fd50a5c2196b8f8", size = 9979, upload-time = "2022-08-14T12:40:09.779Z" },
]

[[package]]
name = "packaging"
version = "26.0"
source = { registry = "https://pypi.org/simple" }
sdist = { url = "https://files.pythonhosted.org/packages/65/ee/299d360cdc32edc7d2cf530f3accf79c4fca01e96ffc950d8a52213bd8e4/packaging-26.0.tar.gz", hash = "sha256:00243ae351a257117b6a241061796684b084ed1c516a08c48a3f7e147a9d80b4", size = 143416, upload-time = "2026-01-21T20:50:39.064Z" }
wheels = [
    { url = "https://files.pythonhosted.org/packages/b7/b9/c538f279a4e237a006a2c98387d081e9eb060d203d8ed34467cc0f0b9b53/packaging-26.0-py3-none-any.whl", hash = "sha256:b36f1fef9334a5588b4166f8bcd26a14e521f2b55e6b9de3aaa80d3ff7a37529", size = 74366, upload-time = "2026-01-21T20:50:37.788Z" },
]

[[package]]
name = "pcpp"
version = "1.30"
source = { registry = "https://pypi.org/simple" }
sdist = { url = "https://files.pythonhosted.org/packages/41/07/876153f611f2c610bdb8f706a5ab560d888c938ea9ea65ed18c374a9014a/pcpp-1.30.tar.gz", hash = "sha256:5af9fbce55f136d7931ae915fae03c34030a3b36c496e72d9636cedc8e2543a1", size = 94283, upload-time = "2021-10-29T13:16:54.565Z" }
wheels = [
    { url = "https://files.pythonhosted.org/packages/01/ca/ada7f39c5a0977893e0ef809b1617b259b2d76f6382a7abad00dd6d77904/pcpp-1.30-py2.py3-none-any.whl", hash = "sha256:05fe08292b6da57f385001c891a87f40d6aa7f46787b03e8ba326d20a3297c6e", size = 91085, upload-time = "2021-10-29T13:16:51.846Z" },
]

[[package]]
name = "pluggy"
version = "1.6.0"
source = { registry = "https://pypi.org/simple" }
sdist = { url = "https://files.pythonhosted.org/packages/f9/e2/3e91f31a7d2b083fe6ef3fa267035b518369d9511ffab804f839851d2779/pluggy-1.6.0.tar.gz", hash = "sha256:7dcc130b76258d33b90f61b658791dede3486c3e6bfb003ee5c9bfb396dd22f3", size = 69412, upload-time = "2025-05-15T12:30:07.975Z" }
wheels = [
    { url = "https://files.pythonhosted.org/packages/54/20/4d324d65cc6d9205fabedc306948156824eb9f0ee1633355a8f7ec5c66bf/pluggy-1.6.0-py3-none-any.whl", hash = "sha256:e920276dd6813095e9377c0bc5566d94c932c33b27a3e3945d8389c374dd4746", size = 20538, upload-time = "2025-05-15T12:30:06.134Z" },
]

[[package]]
name = "pygments"
version = "2.19.2"
source = { registry = "https://pypi.org/simple" }
sdist = { url = "https://files.pythonhosted.org/packages/b0/77/a5b8c569bf593b0140bde72ea885a803b82086995367bf2037de0159d924/pygments-2.19.2.tar.gz", hash = "sha256:636cb2477cec7f8952536970bc533bc43743542f70392ae026374600add5b887", size = 4968631, upload-time = "2025-06-21T13:39:12.283Z" }
wheels = [
    { url = "https://files.pythonhosted.org/packages/c7/21/705964c7812476f378728bdf590ca4b771ec72385c533964653c68e86bdc/pygments-2.19.2-py3-none-any.whl", hash = "sha256:86540386c03d588bb81d44bc3928634ff26449851e99741617ecb9037ee5ec0b", size = 1225217, upload-time = "2025-06-21T13:39:07.939Z" },
]

[[package]]
name = "pytest"
version = "9.0.2"
source = { registry = "https://pypi.org/simple" }
dependencies = [
    { name = "colorama", marker = "sys_platform == 'win32'" },
    { name = "iniconfig" },
    { name = "packaging" },
    { name = "pluggy" },
    { name = "pygments" },
]
sdist = { url = "https://files.pythonhosted.org/packages/d1/db/7ef3487e0fb0049ddb5ce41d3a49c235bf9ad299b6a25d5780a89f19230f/pytest-9.0.2.tar.gz", hash = "sha256:75186651a92bd89611d1d9fc20f0b4345fd827c41ccd5c299a868a05d70edf11", size = 1568901, upload-time = "2025-12-06T21:30:51.014Z" }
wheels = [
    { url = "https://files.pythonhosted.org/packages/3b/ab/b3226f0bd7cdcf710fbede2b3548584366da3b19b5021e74f5bde2a8fa3f/pytest-9.0.2-py3-none-any.whl", hash = "sha256:711ffd45bf766d5264d487b917733b453d917afd2b0ad65223959f59089f875b", size = 374801, upload-time = "2025-12-06T21:30:49.154Z" },
]

[[package]]
name = "rich"
version = "14.3.3"
source = { registry = "https://pypi.org/simple" }
dependencies = [
    { name = "markdown-it-py" },
    { name = "pygments" },
]
sdist = { url = "https://files.pythonhosted.org/packages/b3/c6/f3b320c27991c46f43ee9d856302c70dc2d0fb2dba4842ff739d5f46b393/rich-14.3.3.tar.gz", hash = "sha256:b8daa0b9e4eef54dd8cf7c86c03713f53241884e814f4e2f5fb342fe520f639b", size = 230582, upload-time = "2026-02-19T17:23:12.474Z" }
wheels = [
    { url = "https://files.pythonhosted.org/packages/14/25/b208c5683343959b670dc001595f2f3737e051da617f66c31f7c4fa93abc/rich-14.3.3-py3-none-any.whl", hash = "sha256:793431c1f8619afa7d3b52b2cdec859562b950ea0d4b6b505397612db8d5362d", size = 310458, upload-time = "2026-02-19T17:23:13.732Z" },
]

[[package]]
name = "ruff"
version = "0.15.6"
source = { registry = "https://pypi.org/simple" }
sdist = { url = "https://files.pythonhosted.org/packages/51/df/f8629c19c5318601d3121e230f74cbee7a3732339c52b21daa2b82ef9c7d/ruff-0.15.6.tar.gz", hash = "sha256:8394c7bb153a4e3811a4ecdacd4a8e6a4fa8097028119160dffecdcdf9b56ae4", size = 4597916, upload-time = "2026-03-12T23:05:47.51Z" }
wheels = [
    { url = "https://files.pythonhosted.org/packages/9e/2f/4e03a7e5ce99b517e98d3b4951f411de2b0fa8348d39cf446671adcce9a2/ruff-0.15.6-py3-none-linux_armv6l.whl", hash = "sha256:7c98c3b16407b2cf3d0f2b80c80187384bc92c6774d85fefa913ecd941256fff", size = 10508953, upload-time = "2026-03-12T23:05:17.246Z" },
    { url = "https://files.pythonhosted.org/packages/70/60/55bcdc3e9f80bcf39edf0cd272da6fa511a3d94d5a0dd9e0adf76ceebdb4/ruff-0.15.6-py3-none-macosx_10_12_x86_64.whl", hash = "sha256:ee7dcfaad8b282a284df4aa6ddc2741b3f4a18b0555d626805555a820ea181c3", size = 10942257, upload-time = "2026-03-12T23:05:23.076Z" },
    { url = "https://files.pythonhosted.org/packages/e7/f9/005c29bd1726c0f492bfa215e95154cf480574140cb5f867c797c18c790b/ruff-0.15.6-py3-none-macosx_11_0_arm64.whl", hash = "sha256:3bd9967851a25f038fc8b9ae88a7fbd1b609f30349231dffaa37b6804923c4bb", size = 10322683, upload-time = "2026-03-12T23:05:33.738Z" },
    { url = "https://files.pythonhosted.org/packages/5f/74/2f861f5fd7cbb2146bddb5501450300ce41562da36d21868c69b7a828169/ruff-0.15.6-py3-none-manylinux_2_17_aarch64.manylinux2014_aarch64.whl", hash = "sha256:13f4594b04e42cd24a41da653886b04d2ff87adbf57497ed4f728b0e8a4866f8", size = 10660986, upload-time = "2026-03-12T23:05:53.245Z" },
    { url = "https://files.pythonhosted.org/packages/c1/a1/309f2364a424eccb763cdafc49df843c282609f47fe53aa83f38272389e0/ruff-0.15.6-py3-none-manylinux_2_17_armv7l.manylinux2014_armv7l.whl", hash = "sha256:e2ed8aea2f3fe57886d3f00ea5b8aae5bf68d5e195f487f037a955ff9fbaac9e", size = 10332177, upload-time = "2026-03-12T23:05:56.145Z" },
    { url = "https://files.pythonhosted.org/packages/30/41/7ebf1d32658b4bab20f8ac80972fb19cd4e2c6b78552be263a680edc55ac/ruff-0.15.6-py3-none-manylinux_2_17_i686.manylinux2014_i686.whl", hash = "sha256:70789d3e7830b848b548aae96766431c0dc01a6c78c13381f423bf7076c66d15", size = 11170783, upload-time = "2026-03-12T23:06:01.742Z" },
    { url = "https://files.pythonhosted.org/packages/76/be/6d488f6adca047df82cd62c304638bcb00821c36bd4881cfca221561fdfc/ruff-0.15.6-py3-none-manylinux_2_17_ppc64le.manylinux2014_ppc64le.whl", hash = "sha256:542aaf1de3154cea088ced5a819ce872611256ffe2498e750bbae5247a8114e9", size = 12044201, upload-time = "2026-03-12T23:05:28.697Z" },
    { url = "https://files.pythonhosted.org/packages/71/68/e6f125df4af7e6d0b498f8d373274794bc5156b324e8ab4bf5c1b4fc0ec7/ruff-0.15.6-py3-none-manylinux_2_17_s390x.manylinux2014_s390x.whl", hash = "sha256:1c22e6f02c16cfac3888aa636e9eba857254d15bbacc9906c9689fdecb1953ab", size = 11421561, upload-time = "2026-03-12T23:05:31.236Z" },
    { url = "https://files.pythonhosted.org/packages/f1/9f/f85ef5fd01a52e0b472b26dc1b4bd228b8f6f0435975442ffa4741278703/ruff-0.15.6-py3-none-manylinux_2_17_x86_64.manylinux2014_x86_64.whl", hash = "sha256:98893c4c0aadc8e448cfa315bd0cc343a5323d740fe5f28ef8a3f9e21b381f7e", size = 11310928, upload-time = "2026-03-12T23:05:45.288Z" },
    { url = "https://files.pythonhosted.org/packages/8c/26/b75f8c421f5654304b89471ed384ae8c7f42b4dff58fa6ce1626d7f2b59a/ruff-0.15.6-py3-none-manylinux_2_31_riscv64.whl", hash = "sha256:70d263770d234912374493e8cc1e7385c5d49376e41dfa51c5c3453169dc581c", size = 11235186, upload-time = "2026-03-12T23:05:50.677Z" },
    { url = "https://files.pythonhosted.org/packages/fc/d4/d5a6d065962ff7a68a86c9b4f5500f7d101a0792078de636526c0edd40da/ruff-0.15.6-py3-none-musllinux_1_2_aarch64.whl", hash = "sha256:55a1ad63c5a6e54b1f21b7514dfadc0c7fb40093fa22e95143cf3f64ebdcd512", size = 10635231, upload-time = "2026-03-12T23:05:37.044Z" },
    { url = "https://files.pythonhosted.org/packages/d6/56/7c3acf3d50910375349016cf33de24be021532042afbed87942858992491/ruff-0.15.6-py3-none-musllinux_1_2_armv7l.whl", hash = "sha256:8dc473ba093c5ec238bb1e7429ee676dca24643c471e11fbaa8a857925b061c0", size = 10340357, upload-time = "2026-03-12T23:06:04.748Z" },
    { url = "https://files.pythonhosted.org/packages/06/54/6faa39e9c1033ff6a3b6e76b5df536931cd30caf64988e112bbf91ef5ce5/ruff-0.15.6-py3-none-musllinux_1_2_i686.whl", hash = "sha256:85b042377c2a5561131767974617006f99f7e13c63c111b998f29fc1e58a4cfb", size = 10860583, upload-time = "2026-03-12T23:05:58.978Z" },
    { url = "https://files.pythonhosted.org/packages/cb/1e/509a201b843b4dfb0b32acdedf68d951d3377988cae43949ba4c4133a96a/ruff-0.15.6-py3-none-musllinux_1_2_x86_64.whl", hash = "sha256:cef49e30bc5a86a6a92098a7fbf6e467a234d90b63305d6f3ec01225a9d092e0", size = 11410976, upload-time = "2026-03-12T23:05:39.955Z" },
    { url = "https://files.pythonhosted.org/packages/6c/25/3fc9114abf979a41673ce877c08016f8e660ad6cf508c3957f537d2e9fa9/ruff-0.15.6-py3-none-win32.whl", hash = "sha256:bbf67d39832404812a2d23020dda68fee7f18ce15654e96fb1d3ad21a5fe436c", size = 10616872, upload-time = "2026-03-12T23:05:42.451Z" },
    { url = "https://files.pythonhosted.org/packages/89/7a/09ece68445ceac348df06e08bf75db72d0e8427765b96c9c0ffabc1be1d9/ruff-0.15.6-py3-none-win_amd64.whl", hash = "sha256:aee25bc84c2f1007ecb5037dff75cef00414fdf17c23f07dc13e577883dca406", size = 11787271, upload-time = "2026-03-12T23:05:20.168Z" },
    { url = "https://files.pythonhosted.org/packages/7f/d0/578c47dd68152ddddddf31cd7fc67dc30b7cdf639a86275fda821b0d9d98/ruff-0.15.6-py3-none-win_arm64.whl", hash = "sha256:c34de3dd0b0ba203be50ae70f5910b17188556630e2178fd7d79fc030eb0d837", size = 11060497, upload-time = "2026-03-12T23:05:25.968Z" },
]

[[package]]
name = "shellingham"
version = "1.5.4"
source = { registry = "https://pypi.org/simple" }
sdist = { url = "https://files.pythonhosted.org/packages/58/15/8b3609fd3830ef7b27b655beb4b4e9c62313a4e8da8c676e142cc210d58e/shellingham-1.5.4.tar.gz", hash = "sha256:8dbca0739d487e5bd35ab3ca4b36e11c4078f3a234bfce294b0a0291363404de", size = 10310, upload-time = "2023-10-24T04:13:40.426Z" }
wheels = [
    { url = "https://files.pythonhosted.org/packages/e0/f9/0595336914c5619e5f28a1fb793285925a8cd4b432c9da0a987836c7f822/shellingham-1.5.4-py2.py3-none-any.whl", hash = "sha256:7ecfff8f2fd72616f7481040475a65b2bf8af90a56c89140852d1120324e8686", size = 9755, upload-time = "2023-10-24T04:13:38.866Z" },
]

[[package]]
name = "tree-sitter"
version = "0.25.2"
source = { registry = "https://pypi.org/simple" }
sdist = { url = "https://files.pythonhosted.org/packages/66/7c/0350cfc47faadc0d3cf7d8237a4e34032b3014ddf4a12ded9933e1648b55/tree-sitter-0.25.2.tar.gz", hash = "sha256:fe43c158555da46723b28b52e058ad444195afd1db3ca7720c59a254544e9c20", size = 177961, upload-time = "2025-09-25T17:37:59.751Z" }
wheels = [
    { url = "https://files.pythonhosted.org/packages/3c/9e/20c2a00a862f1c2897a436b17edb774e831b22218083b459d0d081c9db33/tree_sitter-0.25.2-cp312-cp312-macosx_10_13_x86_64.whl", hash = "sha256:ddabfff809ffc983fc9963455ba1cecc90295803e06e140a4c83e94c1fa3d960", size = 146941, upload-time = "2025-09-25T17:37:34.813Z" },
    { url = "https://files.pythonhosted.org/packages/ef/04/8512e2062e652a1016e840ce36ba1cc33258b0dcc4e500d8089b4054afec/tree_sitter-0.25.2-cp312-cp312-macosx_11_0_arm64.whl", hash = "sha256:c0c0ab5f94938a23fe81928a21cc0fac44143133ccc4eb7eeb1b92f84748331c", size = 137699, upload-time = "2025-09-25T17:37:36.349Z" },
    { url = "https://files.pythonhosted.org/packages/47/8a/d48c0414db19307b0fb3bb10d76a3a0cbe275bb293f145ee7fba2abd668e/tree_sitter-0.25.2-cp312-cp312-manylinux2014_aarch64.manylinux_2_17_aarch64.manylinux_2_28_aarch64.whl", hash = "sha256:dd12d80d91d4114ca097626eb82714618dcdfacd6a5e0955216c6485c350ef99", size = 607125, upload-time = "2025-09-25T17:37:37.725Z" },
    { url = "https://files.pythonhosted.org/packages/39/d1/b95f545e9fc5001b8a78636ef942a4e4e536580caa6a99e73dd0a02e87aa/tree_sitter-0.25.2-cp312-cp312-manylinux2014_x86_64.manylinux_2_17_x86_64.manylinux_2_28_x86_64.whl", hash = "sha256:b43a9e4c89d4d0839de27cd4d6902d33396de700e9ff4c5ab7631f277a85ead9", size = 635418, upload-time = "2025-09-25T17:37:38.922Z" },
    { url = "https://files.pythonhosted.org/packages/de/4d/b734bde3fb6f3513a010fa91f1f2875442cdc0382d6a949005cd84563d8f/tree_sitter-0.25.2-cp312-cp312-musllinux_1_2_x86_64.whl", hash = "sha256:fbb1706407c0e451c4f8cc016fec27d72d4b211fdd3173320b1ada7a6c74c3ac", size = 631250, upload-time = "2025-09-25T17:37:40.039Z" },
    { url = "https://files.pythonhosted.org/packages/46/f2/5f654994f36d10c64d50a192239599fcae46677491c8dd53e7579c35a3e3/tree_sitter-0.25.2-cp312-cp312-win_amd64.whl", hash = "sha256:6d0302550bbe4620a5dc7649517c4409d74ef18558276ce758419cf09e578897", size = 127156, upload-time = "2025-09-25T17:37:41.132Z" },
    { url = "https://files.pythonhosted.org/packages/67/23/148c468d410efcf0a9535272d81c258d840c27b34781d625f1f627e2e27d/tree_sitter-0.25.2-cp312-cp312-win_arm64.whl", hash = "sha256:0c8b6682cac77e37cfe5cf7ec388844957f48b7bd8d6321d0ca2d852994e10d5", size = 113984, upload-time = "2025-09-25T17:37:42.074Z" },
    { url = "https://files.pythonhosted.org/packages/8c/67/67492014ce32729b63d7ef318a19f9cfedd855d677de5773476caf771e96/tree_sitter-0.25.2-cp313-cp313-macosx_10_13_x86_64.whl", hash = "sha256:0628671f0de69bb279558ef6b640bcfc97864fe0026d840f872728a86cd6b6cd", size = 146926, upload-time = "2025-09-25T17:37:43.041Z" },
    { url = "https://files.pythonhosted.org/packages/4e/9c/a278b15e6b263e86c5e301c82a60923fa7c59d44f78d7a110a89a413e640/tree_sitter-0.25.2-cp313-cp313-macosx_11_0_arm64.whl", hash = "sha256:f5ddcd3e291a749b62521f71fc953f66f5fd9743973fd6dd962b092773569601", size = 137712, upload-time = "2025-09-25T17:37:44.039Z" },
    { url = "https://files.pythonhosted.org/packages/54/9a/423bba15d2bf6473ba67846ba5244b988cd97a4b1ea2b146822162256794/tree_sitter-0.25.2-cp313-cp313-manylinux2014_aarch64.manylinux_2_17_aarch64.manylinux_2_28_aarch64.whl", hash = "sha256:bd88fbb0f6c3a0f28f0a68d72df88e9755cf5215bae146f5a1bdc8362b772053", size = 607873, upload-time = "2025-09-25T17:37:45.477Z" },
    { url = "https://files.pythonhosted.org/packages/ed/4c/b430d2cb43f8badfb3a3fa9d6cd7c8247698187b5674008c9d67b2a90c8e/tree_sitter-0.25.2-cp313-cp313-manylinux2014_x86_64.manylinux_2_17_x86_64.manylinux_2_28_x86_64.whl", hash = "sha256:b878e296e63661c8e124177cc3084b041ba3f5936b43076d57c487822426f614", size = 636313, upload-time = "2025-09-25T17:37:46.68Z" },
    { url = "https://files.pythonhosted.org/packages/9d/27/5f97098dbba807331d666a0997662e82d066e84b17d92efab575d283822f/tree_sitter-0.25.2-cp313-cp313-musllinux_1_2_x86_64.whl", hash = "sha256:d77605e0d353ba3fe5627e5490f0fbfe44141bafa4478d88ef7954a61a848dae", size = 631370, upload-time = "2025-09-25T17:37:47.993Z" },
    { url = "https://files.pythonhosted.org/packages/d4/3c/87caaed663fabc35e18dc704cd0e9800a0ee2f22bd18b9cbe7c10799895d/tree_sitter-0.25.2-cp313-cp313-win_amd64.whl", hash = "sha256:463c032bd02052d934daa5f45d183e0521ceb783c2548501cf034b0beba92c9b", size = 127157, upload-time = "2025-09-25T17:37:48.967Z" },
    { url = "https://files.pythonhosted.org/packages/d5/23/f8467b408b7988aff4ea40946a4bd1a2c1a73d17156a9d039bbaff1e2ceb/tree_sitter-0.25.2-cp313-cp313-win_arm64.whl", hash = "sha256:b3f63a1796886249bd22c559a5944d64d05d43f2be72961624278eff0dcc5cb8", size = 113975, upload-time = "2025-09-25T17:37:49.922Z" },
    { url = "https://files.pythonhosted.org/packages/07/e3/d9526ba71dfbbe4eba5e51d89432b4b333a49a1e70712aa5590cd22fc74f/tree_sitter-0.25.2-cp314-cp314-macosx_10_13_x86_64.whl", hash = "sha256:65d3c931013ea798b502782acab986bbf47ba2c452610ab0776cf4a8ef150fc0", size = 146776, upload-time = "2025-09-25T17:37:50.898Z" },
    { url = "https://files.pythonhosted.org/packages/42/97/4bd4ad97f85a23011dd8a535534bb1035c4e0bac1234d58f438e15cff51f/tree_sitter-0.25.2-cp314-cp314-macosx_11_0_arm64.whl", hash = "sha256:bda059af9d621918efb813b22fb06b3fe00c3e94079c6143fcb2c565eb44cb87", size = 137732, upload-time = "2025-09-25T17:37:51.877Z" },
    { url = "https://files.pythonhosted.org/packages/b6/19/1e968aa0b1b567988ed522f836498a6a9529a74aab15f09dd9ac1e41f505/tree_sitter-0.25.2-cp314-cp314-manylinux2014_aarch64.manylinux_2_17_aarch64.manylinux_2_28_aarch64.whl", hash = "sha256:eac4e8e4c7060c75f395feec46421eb61212cb73998dbe004b7384724f3682ab", size = 609456, upload-time = "2025-09-25T17:37:52.925Z" },
    { url = "https://files.pythonhosted.org/packages/48/b6/cf08f4f20f4c9094006ef8828555484e842fc468827ad6e56011ab668dbd/tree_sitter-0.25.2-cp314-cp314-manylinux2014_x86_64.manylinux_2_17_x86_64.manylinux_2_28_x86_64.whl", hash = "sha256:260586381b23be33b6191a07cea3d44ecbd6c01aa4c6b027a0439145fcbc3358", size = 636772, upload-time = "2025-09-25T17:37:54.647Z" },
    { url = "https://files.pythonhosted.org/packages/57/e2/d42d55bf56360987c32bc7b16adb06744e425670b823fb8a5786a1cea991/tree_sitter-0.25.2-cp314-cp314-musllinux_1_2_x86_64.whl", hash = "sha256:7d2ee1acbacebe50ba0f85fff1bc05e65d877958f00880f49f9b2af38dce1af0", size = 631522, upload-time = "2025-09-25T17:37:55.833Z" },
    { url = "https://files.pythonhosted.org/packages/03/87/af9604ebe275a9345d88c3ace0cf2a1341aa3f8ef49dd9fc11662132df8a/tree_sitter-0.25.2-cp314-cp314-win_amd64.whl", hash = "sha256:4973b718fcadfb04e59e746abfbb0288694159c6aeecd2add59320c03368c721", size = 130864, upload-time = "2025-09-25T17:37:57.453Z" },
    { url = "https://files.pythonhosted.org/packages/a6/6e/e64621037357acb83d912276ffd30a859ef117f9c680f2e3cb955f47c680/tree_sitter-0.25.2-cp314-cp314-win_arm64.whl", hash = "sha256:b8d4429954a3beb3e844e2872610d2a4800ba4eb42bb1990c6a4b1949b18459f", size = 117470, upload-time = "2025-09-25T17:37:58.431Z" },
]

[[package]]
name = "tree-sitter-c"
version = "0.24.1"
source = { registry = "https://pypi.org/simple" }
sdist = { url = "https://files.pythonhosted.org/packages/f1/f5/ba8cd08d717277551ade8537d3aa2a94b907c6c6e0fbcf4e4d8b1c747fa3/tree_sitter_c-0.24.1.tar.gz", hash = "sha256:7d2d0cda0b8dda428c81440c1e94367f9f13548eedca3f49768bde66b1422ad6", size = 228014, upload-time = "2025-05-24T17:32:58.384Z" }
wheels = [
    { url = "https://files.pythonhosted.org/packages/15/c7/c817be36306e457c2d36cc324789046390d9d8c555c38772429ffdb7d361/tree_sitter_c-0.24.1-cp310-abi3-macosx_10_9_x86_64.whl", hash = "sha256:9c06ac26a1efdcc8b26a8a6970fbc6997c4071857359e5837d4c42892d45fe1e", size = 80940, upload-time = "2025-05-24T17:32:49.967Z" },
    { url = "https://files.pythonhosted.org/packages/7a/42/283909467290b24fdbc29bb32ee20e409a19a55002b43175d66d091ca1a4/tree_sitter_c-0.24.1-cp310-abi3-macosx_11_0_arm64.whl", hash = "sha256:942bcd7cbecd810dcf7ca6f8f834391ebf0771a89479646d891ba4ca2fdfdc88", size = 86304, upload-time = "2025-05-24T17:32:51.271Z" },
    { url = "https://files.pythonhosted.org/packages/94/53/fb4f61d4e5f15ec3da85774a4df8e58d3b5b73036cf167f0203b4dd9d158/tree_sitter_c-0.24.1-cp310-abi3-manylinux_2_17_aarch64.manylinux2014_aarch64.whl", hash = "sha256:9a74cfd7a11ca5a961fafd4d751892ee65acae667d2818968a6f079397d8d28c", size = 109996, upload-time = "2025-05-24T17:32:52.119Z" },
    { url = "https://files.pythonhosted.org/packages/5e/e8/fc541d34ee81c386c5453c2596c1763e8e9cd7cb0725f39d7dfa2276afa4/tree_sitter_c-0.24.1-cp310-abi3-manylinux_2_5_x86_64.manylinux1_x86_64.manylinux_2_17_x86_64.manylinux2014_x86_64.whl", hash = "sha256:a6a807705a3978911dc7ee26a7ad36dcfacb6adfc13c190d496660ec9bd66707", size = 98137, upload-time = "2025-05-24T17:32:53.361Z" },
    { url = "https://files.pythonhosted.org/packages/32/c6/d0563319cae0d5b5780a92e2806074b24afea2a07aa4c10599b899bda3ec/tree_sitter_c-0.24.1-cp310-abi3-musllinux_1_2_x86_64.whl", hash = "sha256:789781afcb710df34144f7e2a20cd80e325114b9119e3956c6bd1dd2d365df98", size = 94148, upload-time = "2025-05-24T17:32:54.855Z" },
    { url = "https://files.pythonhosted.org/packages/50/5a/6361df7f3fa2310c53a0d26b4702a261c332da16fa9d801e381e3a86e25f/tree_sitter_c-0.24.1-cp310-abi3-win_amd64.whl", hash = "sha256:290bff0f9c79c966496ebae45042f77543e6e4aea725f40587a8611d566231a8", size = 84703, upload-time = "2025-05-24T17:32:56.084Z" },
    { url = "https://files.pythonhosted.org/packages/22/6a/210a302e8025ac492cbaea58d3720d66b7d8034c5d747ac5e4d2d235aa25/tree_sitter_c-0.24.1-cp310-abi3-win_arm64.whl", hash = "sha256:d46bbda06f838c2dcb91daf767813671fd366b49ad84ff37db702129267b46e1", size = 82715, upload-time = "2025-05-24T17:32:57.248Z" },
]

[[package]]
name = "tree-sitter-cpp"
version = "0.23.4"
source = { registry = "https://pypi.org/simple" }
sdist = { url = "https://files.pythonhosted.org/packages/20/2c/4dd63d705a8933543cad9b92ff31be849b164fec91a6eb63475ebc9ce668/tree_sitter_cpp-0.23.4.tar.gz", hash = "sha256:6a59c4cebb1ad1dc2e8d586cf8a72b39d21b8108b7b139d089719e81a339e41d", size = 940358, upload-time = "2024-11-11T06:59:24.934Z" }
wheels = [
    { url = "https://files.pythonhosted.org/packages/b6/ac/11d56670f7b048362db872ca866fd00ba2002a322ab179f047b7c0fb2910/tree_sitter_cpp-0.23.4-cp39-abi3-macosx_10_9_x86_64.whl", hash = "sha256:aacb1759f0efd9dbc25bd8ee88184a340483018869f75412d9c3bc32c039a520", size = 287861, upload-time = "2024-11-11T06:59:15.005Z" },
    { url = "https://files.pythonhosted.org/packages/12/1c/0337c016bdc00a77a3326d12f10ee836401dd28f27db6fd5b7734bfb21ed/tree_sitter_cpp-0.23.4-cp39-abi3-macosx_11_0_arm64.whl", hash = "sha256:bc3c404d9f0cbd87951213a85440afbf4c31e718f8d907fa9ee12bea4b8d276f", size = 315513, upload-time = "2024-11-11T06:59:16.679Z" },
    { url = "https://files.pythonhosted.org/packages/b3/7b/dd38c049b10ed7fda118b903a1d28a8b55a36b98c30606ef90e8f374c6de/tree_sitter_cpp-0.23.4-cp39-abi3-manylinux_2_17_aarch64.manylinux2014_aarch64.whl", hash = "sha256:ccc43ddf1279d5d5a4ef190373f4cb16522801bec4492bcd4754edf2aeba2b7b", size = 334813, upload-time = "2024-11-11T06:59:18.253Z" },
    { url = "https://files.pythonhosted.org/packages/6a/4d/23e390234d2acd351f5563b1079c515d7c1fe13ddb7392cee543be74dda3/tree_sitter_cpp-0.23.4-cp39-abi3-manylinux_2_17_x86_64.manylinux2014_x86_64.whl", hash = "sha256:773d2cafc08bbc0f998687fa33f42f378c1a371cdb582870c4d13abb06092706", size = 316110, upload-time = "2024-11-11T06:59:19.823Z" },
    { url = "https://files.pythonhosted.org/packages/32/c7/b94a7e0e803af9d3bd4608fb4f0cfb2e9e233abaf0a38c928bfb0b1a025d/tree_sitter_cpp-0.23.4-cp39-abi3-musllinux_1_2_x86_64.whl", hash = "sha256:247d127f0eb6574b0f6b30c0151e0bd0774e2e7acf9c558bdf9fbb8adc2e80c0", size = 308242, upload-time = "2024-11-11T06:59:21.466Z" },
    { url = "https://files.pythonhosted.org/packages/37/7e/909e52b3dec09c475140b0e175511e275d0d00ba2dbd7c68102d377ae0f6/tree_sitter_cpp-0.23.4-cp39-abi3-win_amd64.whl", hash = "sha256:68606a45bea92669d155399e1239f771a7767d8683cd8f8e30e7d813107030ca", size = 290997, upload-time = "2024-11-11T06:59:22.432Z" },
    { url = "https://files.pythonhosted.org/packages/d4/6a/65435d4d1f4c735be7ffe52d7c2e7b8a7f7c2790343a2719c60c548611c8/tree_sitter_cpp-0.23.4-cp39-abi3-win_arm64.whl", hash = "sha256:712f84f18be94cbe2a148fa4fdf40fcf4a8c25a8f7670efb9f8a47ddec2fc281", size = 288203, upload-time = "2024-11-11T06:59:23.404Z" },
]

[[package]]
name = "ty"
version = "0.0.23"
source = { registry = "https://pypi.org/simple" }
sdist = { url = "https://files.pythonhosted.org/packages/75/ba/d3c998ff4cf6b5d75b39356db55fe1b7caceecc522b9586174e6a5dee6f7/ty-0.0.23.tar.gz", hash = "sha256:5fb05db58f202af366f80ef70f806e48f5237807fe424ec787c9f289e3f3a4ef", size = 5341461, upload-time = "2026-03-13T12:34:23.125Z" }
wheels = [
    { url = "https://files.pythonhosted.org/packages/f4/21/aab32603dfdfacd4819e52fa8c6074e7bd578218a5142729452fc6a62db6/ty-0.0.23-py3-none-linux_armv6l.whl", hash = "sha256:e810eef1a5f1cfc0731a58af8d2f334906a96835829767aed00026f1334a8dd7", size = 10329096, upload-time = "2026-03-13T12:34:09.432Z" },
    { url = "https://files.pythonhosted.org/packages/9f/a9/dd3287a82dce3df546ec560296208d4905dcf06346b6e18c2f3c63523bd1/ty-0.0.23-py3-none-macosx_10_12_x86_64.whl", hash = "sha256:e43d36bd89a151ddcad01acaeff7dcc507cb73ff164c1878d2d11549d39a061c", size = 10156631, upload-time = "2026-03-13T12:34:53.122Z" },
    { url = "https://files.pythonhosted.org/packages/0f/01/3f25909b02fac29bb0a62b2251f8d62e65d697781ffa4cf6b47a4c075c85/ty-0.0.23-py3-none-macosx_11_0_arm64.whl", hash = "sha256:bd6a340969577b4645f231572c4e46012acba2d10d4c0c6570fe1ab74e76ae00", size = 9653211, upload-time = "2026-03-13T12:34:15.049Z" },
    { url = "https://files.pythonhosted.org/packages/d5/60/bfc0479572a6f4b90501c869635faf8d84c8c68ffc5dd87d04f049affabc/ty-0.0.23-py3-none-manylinux_2_17_aarch64.manylinux2014_aarch64.whl", hash = "sha256:341441783e626eeb7b1ec2160432956aed5734932ab2d1c26f94d0c98b229937", size = 10156143, upload-time = "2026-03-13T12:34:34.468Z" },
    { url = "https://files.pythonhosted.org/packages/3a/81/8a93e923535a340f54bea20ff196f6b2787782b2f2f399bd191c4bc132d6/ty-0.0.23-py3-none-manylinux_2_17_armv7l.manylinux2014_armv7l.whl", hash = "sha256:8ce1dc66c26d4167e2c78d12fa870ef5a7ec9cc344d2baaa6243297cfa88bd52", size = 10136632, upload-time = "2026-03-13T12:34:28.832Z" },
    { url = "https://files.pythonhosted.org/packages/da/cb/2ac81c850c58acc9f976814404d28389c9c1c939676e32287b9cff61381e/ty-0.0.23-py3-none-manylinux_2_17_i686.manylinux2014_i686.whl", hash = "sha256:bae1e7a294bf8528836f7617dc5c360ea2dddb63789fc9471ae6753534adca05", size = 10655025, upload-time = "2026-03-13T12:34:37.105Z" },
    { url = "https://files.pythonhosted.org/packages/b5/9b/bac771774c198c318ae699fc013d8cd99ed9caf993f661fba11238759244/ty-0.0.23-py3-none-manylinux_2_17_ppc64le.manylinux2014_ppc64le.whl", hash = "sha256:d2b162768764d9dc177c83fb497a51532bb67cbebe57b8fa0f2668436bf53f3c", size = 11230107, upload-time = "2026-03-13T12:34:20.751Z" },
    { url = "https://files.pythonhosted.org/packages/14/09/7644fb0e297265e18243f878aca343593323b9bb19ed5278dcbc63781be0/ty-0.0.23-py3-none-manylinux_2_17_s390x.manylinux2014_s390x.whl", hash = "sha256:d28384e48ca03b34e4e2beee0e230c39bbfb68994bb44927fec61ef3642900da", size = 10934177, upload-time = "2026-03-13T12:34:17.904Z" },
    { url = "https://files.pythonhosted.org/packages/18/14/69a25a0cad493fb6a947302471b579a03516a3b00e7bece77fdc6b4afb9b/ty-0.0.23-py3-none-manylinux_2_17_x86_64.manylinux2014_x86_64.whl", hash = "sha256:559d9a299df793cb7a7902caed5eda8a720ff69164c31c979673e928f02251ee", size = 10752487, upload-time = "2026-03-13T12:34:31.785Z" },
    { url = "https://files.pythonhosted.org/packages/9d/2a/42fc3cbccf95af0a62308ebed67e084798ab7a85ef073c9986ef18032743/ty-0.0.23-py3-none-musllinux_1_2_aarch64.whl", hash = "sha256:32a7b8a14a98e1d20a9d8d2af23637ed7efdb297ac1fa2450b8e465d05b94482", size = 10133007, upload-time = "2026-03-13T12:34:42.838Z" },
    { url = "https://files.pythonhosted.org/packages/e1/69/307833f1b52fa3670e0a1d496e43ef7df556ecde838192d3fcb9b35e360d/ty-0.0.23-py3-none-musllinux_1_2_armv7l.whl", hash = "sha256:6f803b9b9cca87af793467973b9abdd4b83e6b96d9b5e749d662cff7ead70b6d", size = 10169698, upload-time = "2026-03-13T12:34:12.351Z" },
    { url = "https://files.pythonhosted.org/packages/89/ae/5dd379ec22d0b1cba410d7af31c366fcedff191d5b867145913a64889f66/ty-0.0.23-py3-none-musllinux_1_2_i686.whl", hash = "sha256:4a0bf086ec8e2197b7ea7ebfcf4be36cb6a52b235f8be61647ef1b2d99d6ffd3", size = 10346080, upload-time = "2026-03-13T12:34:40.012Z" },
    { url = "https://files.pythonhosted.org/packages/98/c7/dfc83203d37998620bba9c4873a080c8850a784a8a46f56f8163c5b4e320/ty-0.0.23-py3-none-musllinux_1_2_x86_64.whl", hash = "sha256:252539c3fcd7aeb9b8d5c14e2040682c3e1d7ff640906d63fd2c4ce35865a4ba", size = 10848162, upload-time = "2026-03-13T12:34:45.421Z" },
    { url = "https://files.pythonhosted.org/packages/89/08/05481511cfbcc1fd834b6c67aaae090cb609a079189ddf2032139ccfc490/ty-0.0.23-py3-none-win32.whl", hash = "sha256:51b591d19eef23bbc3807aef77d38fa1f003c354e1da908aa80ea2dca0993f77", size = 9748283, upload-time = "2026-03-13T12:34:50.607Z" },
    { url = "https://files.pythonhosted.org/packages/31/2e/eaed4ff5c85e857a02415084c394e02c30476b65e158eec1938fdaa9a205/ty-0.0.23-py3-none-win_amd64.whl", hash = "sha256:1e137e955f05c501cfbb81dd2190c8fb7d01ec037c7e287024129c722a83c9ad", size = 10698355, upload-time = "2026-03-13T12:34:26.134Z" },
    { url = "https://files.pythonhosted.org/packages/91/29/b32cb7b4c7d56b9ed50117f8ad6e45834aec293e4cb14749daab4e9236d5/ty-0.0.23-py3-none-win_arm64.whl", hash = "sha256:a0399bd13fd2cd6683fd0a2d59b9355155d46546d8203e152c556ddbdeb20842", size = 10155890, upload-time = "2026-03-13T12:34:48.082Z" },
]

[[package]]
name = "typer"
version = "0.24.1"
source = { registry = "https://pypi.org/simple" }
dependencies = [
    { name = "annotated-doc" },
    { name = "click" },
    { name = "rich" },
    { name = "shellingham" },
]
sdist = { url = "https://files.pythonhosted.org/packages/f5/24/cb09efec5cc954f7f9b930bf8279447d24618bb6758d4f6adf2574c41780/typer-0.24.1.tar.gz", hash = "sha256:e39b4732d65fbdcde189ae76cf7cd48aeae72919dea1fdfc16593be016256b45", size = 118613, upload-time = "2026-02-21T16:54:40.609Z" }
wheels = [
    { url = "https://files.pythonhosted.org/packages/4a/91/48db081e7a63bb37284f9fbcefda7c44c277b18b0e13fbc36ea2335b71e6/typer-0.24.1-py3-none-any.whl", hash = "sha256:112c1f0ce578bfb4cab9ffdabc68f031416ebcc216536611ba21f04e9aa84c9e", size = 56085, upload-time = "2026-02-21T16:54:41.616Z" },
]
